{
  "lockfileVersion": 1,
  "configVersion": 1,
  "workspaces": {
    "": {
      "name": "effect-htmx",
      "dependencies": {
        "@effect/platform-bun": "4.0.0-rc.111",
        "@thi.ng/hiccup": "^5.4.14",
        "@thi.ng/hiccup-css": "^2.8.4",
        "@thi.ng/hiccup-html": "^2.8.10",
        "effect": "4.0.0-rc.111",
        "htmx.org": "4.0.0-beta6",
      },
      "devDependencies": {
        "@biomejs/biome": "^2.4.6",
        "@types/bun": "latest",
      },
      "peerDependencies": {
        "typescript": "^5",
      },
    },
  },
  "packages": {
    "@biomejs/biome": ["@biomejs/biome@2.4.6", "", { "optionalDependencies": { "@biomejs/cli-darwin-arm64": "2.4.6", "@biomejs/cli-darwin-x64": "2.4.6", "@biomejs/cli-linux-arm64": "2.4.6", "@biomejs/cli-linux-arm64-musl": "2.4.6", "@biomejs/cli-linux-x64": "2.4.6", "@biomejs/cli-linux-x64-musl": "2.4.6", "@biomejs/cli-win32-arm64": "2.4.6", "@biomejs/cli-win32-x64": "2.4.6" }, "bin": { "biome": "bin/biome" } }, "sha512-QnHe81PMslpy3mnpL8DnO2M4S4ZnYPkjlGCLWBZT/3R9M6b5daArWMMtEfP52/n174RKnwRIf3oT8+wc9ihSfQ=="],

    "@biomejs/cli-darwin-arm64": ["@biomejs/cli-darwin-arm64@2.4.6", "", { "os": "darwin", "cpu": "arm64" }, "sha512-NW18GSyxr+8sJIqgoGwVp5Zqm4SALH4b4gftIA0n62PTuBs6G2tHlwNAOj0Vq0KKSs7Sf88VjjmHh0O36EnzrQ=="],

    "@biomejs/cli-darwin-x64": ["@biomejs/cli-darwin-x64@2.4.6", "", { "os": "darwin", "cpu": "x64" }, "sha512-4uiE/9tuI7cnjtY9b07RgS7gGyYOAfIAGeVJWEfeCnAarOAS7qVmuRyX6d7JTKw28/mt+rUzMasYeZ+0R/U1Mw=="],

    "@biomejs/cli-linux-arm64": ["@biomejs/cli-linux-arm64@2.4.6", "", { "os": "linux", "cpu": "arm64" }, "sha512-kMLaI7OF5GN1Q8Doymjro1P8rVEoy7BKQALNz6fiR8IC1WKduoNyteBtJlHT7ASIL0Cx2jR6VUOBIbcB1B8pew=="],

    "@biomejs/cli-linux-arm64-musl": ["@biomejs/cli-linux-arm64-musl@2.4.6", "", { "os": "linux", "cpu": "arm64" }, "sha512-F/JdB7eN22txiTqHM5KhIVt0jVkzZwVYrdTR1O3Y4auBOQcXxHK4dxULf4z43QyZI5tsnQJrRBHZy7wwtL+B3A=="],

    "@biomejs/cli-linux-x64": ["@biomejs/cli-linux-x64@2.4.6", "", { "os": "linux", "cpu": "x64" }, "sha512-oHXmUFEoH8Lql1xfc3QkFLiC1hGR7qedv5eKNlC185or+o4/4HiaU7vYODAH3peRCfsuLr1g6v2fK9dFFOYdyw=="],

    "@biomejs/cli-linux-x64-musl": ["@biomejs/cli-linux-x64-musl@2.4.6", "", { "os": "linux", "cpu": "x64" }, "sha512-C9s98IPDu7DYarjlZNuzJKTjVHN03RUnmHV5htvqsx6vEUXCDSJ59DNwjKVD5XYoSS4N+BYhq3RTBAL8X6svEg=="],

    "@biomejs/cli-win32-arm64": ["@biomejs/cli-win32-arm64@2.4.6", "", { "os": "win32", "cpu": "arm64" }, "sha512-xzThn87Pf3YrOGTEODFGONmqXpTwUNxovQb72iaUOdcw8sBSY3+3WD8Hm9IhMYLnPi0n32s3L3NWU6+eSjfqFg=="],

    "@biomejs/cli-win32-x64": ["@biomejs/cli-win32-x64@2.4.6", "", { "os": "win32", "cpu": "x64" }, "sha512-7++XhnsPlr1HDbor5amovPjOH6vsrFOCdp93iKXhFn6bcMUI6soodj3WWKfgEO6JosKU1W5n3uky3WW9RlRjTg=="],

    "@effect/platform-bun": ["@effect/platform-bun@4.0.0-rc.111", "", { "dependencies": { "@effect/platform-node-shared": "^4.0.0-rc.111" }, "peerDependencies": { "effect": "^4.0.0-rc.111" } }, "sha512-z6MF1ztw8oSvh4nlvI90wraB63ib5K67JPaSYtz5K9IIAgjXgXYC0hjbcqF+PlC9ytlQmu8tWzk2+yGePWWe5A=="],

    "@effect/platform-node-shared": ["@effect/platform-node-shared@4.0.0-rc.111", "", { "dependencies": { "@types/ws": "^8.18.1", "ws": "^8.21.3" }, "peerDependencies": { "effect": "^4.0.0-rc.111" } }, "sha512-iES0Q9vmjhaUKqeW9ceonuD45MUg/Ouk08LzRSptZ+B5qB0w9WlRjDmUz5TJmY2betNop5FRI5k4AD4mtQt3Bw=="],

    "@msgpackr-extract/msgpackr-extract-darwin-arm64": ["@msgpackr-extract/msgpackr-extract-darwin-arm64@3.0.4", "", { "os": "darwin", "cpu": "arm64" }, "sha512-LCkGo6JDfaBhgST7UpPWgNgLINpcpabaHfyz5OBx75nUYxBsaEPxjnyNjWpeb/xBup/682QnBfRBy2/LvPutZQ=="],

    "@msgpackr-extract/msgpackr-extract-darwin-x64": ["@msgpackr-extract/msgpackr-extract-darwin-x64@3.0.4", "", { "os": "darwin", "cpu": "x64" }, "sha512-zExlW9zUJKZH/tOtVMttwjKa4Xm/3KcNjnE3dPN92uCktwavMxpgCA3MoJK/DOnTWsQgo224OaST27/mPNAf+w=="],

    "@msgpackr-extract/msgpackr-extract-linux-arm": ["@msgpackr-extract/msgpackr-extract-linux-arm@3.0.4", "", { "os": "linux", "cpu": "arm" }, "sha512-Tg3yX65f5GbtXLkrYEHE5oibZG9epyYWas7FogTTEJeDEF9JlXJzKgXaNhT3UXlTOeA+AfZpYZYZ0uPj7Cfquw=="],

    "@msgpackr-extract/msgpackr-extract-linux-arm64": ["@msgpackr-extract/msgpackr-extract-linux-arm64@3.0.4", "", { "os": "linux", "cpu": "arm64" }, "sha512-dgX0P/9wGPJeHFBG+ZmhgE6bmtMt7NP5CRBGyyktpopdk/mW4POnrpQsSLtKI1dwpc+pPLuXHDh6vvskyQE/sw=="],

    "@msgpackr-extract/msgpackr-extract-linux-x64": ["@msgpackr-extract/msgpackr-extract-linux-x64@3.0.4", "", { "os": "linux", "cpu": "x64" }, "sha512-8TNXMEjJc3QEy7R/x1INhgiU+XakDAFUzBhaz7+Rbrs8NH5UQeHQxxmzsSBJGyV6I1jW79undiQm8tOI+D+8FQ=="],

    "@msgpackr-extract/msgpackr-extract-win32-x64": ["@msgpackr-extract/msgpackr-extract-win32-x64@3.0.4", "", { "os": "win32", "cpu": "x64" }, "sha512-CmCXPQrkbwExx3j946/PtHWHbYJiCRBRDl4BlkRQcJB/YOwQxJRTpoo7aTsortjgoJ1x7opzTSxn7C+ASSLVjQ=="],

    "@standard-schema/spec": ["@standard-schema/spec@1.1.0", "", {}, "sha512-l2aFy5jALhniG5HgqrD6jXLi/rUWrKvqN/qJx6yoJsgKhblVd+iqqU4RCXavm/jPityDo5TCvKMnpjKnOriy0w=="],

    "@thi.ng/api": ["@thi.ng/api@8.12.28", "", {}, "sha512-SbC2c2fULIXtAsgtT9Vz7Dviv1KaZD3oYrvqy3zV405xHuipaFMZN1VbVr6LzN8JCdIFp0oH4b6OdNHdojdzcA=="],

    "@thi.ng/arrays": ["@thi.ng/arrays@2.14.26", "", { "dependencies": { "@thi.ng/api": "^8.12.28", "@thi.ng/checks": "^3.11.1", "@thi.ng/compare": "^2.5.16", "@thi.ng/equiv": "^2.1.117", "@thi.ng/errors": "^2.6.17", "@thi.ng/random": "^4.1.54" } }, "sha512-sIzVJyXZRQC8KQQpRn7KZZlanRej2Q+bvmFsq9GhAh5kuzfCjaCGuXibTtJS2X5uEMfXvH2D6mi0auIBbZ+V9Q=="],

    "@thi.ng/checks": ["@thi.ng/checks@3.11.1", "", {}, "sha512-S64V2nAPA0Y66VwpJdi3fdwv4xP9G7M13nvQWzp6YTERsnusI6FtihbxhENt/DQ/k+iP+aVSsy+LgtqwkFvvag=="],

    "@thi.ng/compare": ["@thi.ng/compare@2.5.16", "", { "dependencies": { "@thi.ng/api": "^8.12.28" } }, "sha512-NSqurH5cqjHjcyKANPoKofDEbfQRNkL2Ct+3W5o1QdY6y/iSDysccOVdwA4oc5A49+bMwmOIUhnTyiiRIlYkWQ=="],

    "@thi.ng/compose": ["@thi.ng/compose@3.0.65", "", { "dependencies": { "@thi.ng/api": "^8.12.28", "@thi.ng/errors": "^2.6.17" } }, "sha512-XIBDrwYv/wlNq7N1aqj0xxZKUihuoxRtENFivtbZ20OEHQNNDaF6m58OxShb8ZK3NA0L+7qiVQzdik4tPw7ZDg=="],

    "@thi.ng/equiv": ["@thi.ng/equiv@2.1.117", "", {}, "sha512-HNZvfMsTMPMEh9TisOgasMVStG5kgEfLfKww+Am2RrOb2B1fQ6ZKJYRJCf+bMF8SOboaz74V9KewIDcMKTR8Qw=="],

    "@thi.ng/errors": ["@thi.ng/errors@2.6.17", "", {}, "sha512-momw7wo3EXes1wa6Smckr+l4BaJi/h+E67R3furYOBjQpciie1OgoTa43PXPb1POsuWxynkEF8OCnQgreE8twg=="],

    "@thi.ng/hex": ["@thi.ng/hex@2.4.20", "", {}, "sha512-6I0l7oMgNNA3o0pPwZRuFOg2DAjWb7gqmM19MfyYZBVm/Nxs67w4kc0MbvsjS8FAKfZKz4BGZ3etlMsqmRKd1A=="],

    "@thi.ng/hiccup": ["@thi.ng/hiccup@5.4.14", "", { "dependencies": { "@thi.ng/api": "^8.12.28", "@thi.ng/checks": "^3.11.1", "@thi.ng/errors": "^2.6.17", "@thi.ng/strings": "^3.12.10" } }, "sha512-PbPsC1C0p9t/gn7tnTGt7itu5TFUkaZBUmZyrhwNsq0d5vVsRn+gETULz/3/IaK3R1Maoe/DtS3s+2+8vz71uQ=="],

    "@thi.ng/hiccup-css": ["@thi.ng/hiccup-css@2.8.4", "", { "dependencies": { "@thi.ng/api": "^8.12.28", "@thi.ng/checks": "^3.11.1", "@thi.ng/errors": "^2.6.17", "@thi.ng/transducers": "^9.7.0" } }, "sha512-tV9qjsqd8QpAXBLdZBALa6NVXrMcxyblQbBjsFRNWPcSwqRASJYG37p+ERJZeVOk3q7E81rUVxPbhd7AQx5A9A=="],

    "@thi.ng/hiccup-html": ["@thi.ng/hiccup-html@2.8.10", "", { "dependencies": { "@thi.ng/api": "^8.12.28" } }, "sha512-1Cfo+aL1QQq6zVn78lEFEFQFlBMD0e17F/s2xKYsAJJes3RFjK7qb5Z3Gv7EAXSvAiRZBdLeJsYYxwPRbPDIlw=="],

    "@thi.ng/math": ["@thi.ng/math@5.15.17", "", { "dependencies": { "@thi.ng/api": "^8.12.28" } }, "sha512-TmgzOOZ4whILWPfwHxY42Z8OSAnibXVMVY5YFGk0gEVNFhTRSGF/L04hZCEeD4++r45g/N4IZkmWqcu+WciQjQ=="],

    "@thi.ng/memoize": ["@thi.ng/memoize@4.0.52", "", { "dependencies": { "@thi.ng/api": "^8.12.28" } }, "sha512-HKuSB72jkh6A33l5aDd9lJdhUKCZeqtQVYSvND0EZmPRsG/+0GHIG9q0Lc64qEeMHE/F+udeFSDF2KHz931bjA=="],

    "@thi.ng/random": ["@thi.ng/random@4.1.54", "", { "dependencies": { "@thi.ng/api": "^8.12.28", "@thi.ng/errors": "^2.6.17" } }, "sha512-h4sUHPlDd1abr78o3jmvFeAKMH97YHAbrcjCcb9YaQiAADLu64NvkR0hCA69kuAJSXCYJZ9k8e0EjmbuEhFuuQ=="],

    "@thi.ng/strings": ["@thi.ng/strings@3.12.10", "", { "dependencies": { "@thi.ng/api": "^8.12.28", "@thi.ng/errors": "^2.6.17", "@thi.ng/hex": "^2.4.20", "@thi.ng/memoize": "^4.0.52" } }, "sha512-4hSXMMIWBsGSHMD1TxpW9w2q/osMsxdHQhaNiW/NJ38qZgvthaGoLdbZ/1ZxYI6O2qWmHGjMVrVKqfbRPAUp3A=="],

    "@thi.ng/timestamp": ["@thi.ng/timestamp@1.1.47", "", {}, "sha512-JyLkhJIJm7QWYoHRr/aMYYhl8Y/Qc2hOdO0s5gYVVanPPdlLUhYu5+meySOwCmfRfUs/RTu778oNSC1kBzoZjg=="],

    "@thi.ng/transducers": ["@thi.ng/transducers@9.7.0", "", { "dependencies": { "@thi.ng/api": "^8.12.28", "@thi.ng/arrays": "^2.14.26", "@thi.ng/checks": "^3.11.1", "@thi.ng/compare": "^2.5.16", "@thi.ng/compose": "^3.0.65", "@thi.ng/errors": "^2.6.17", "@thi.ng/math": "^5.15.17", "@thi.ng/random": "^4.1.54", "@thi.ng/timestamp": "^1.1.47" } }, "sha512-DRna7U5PcVZZTuORUi8ER8BKlgAbqzBX+FaNUGHC6KR+nc+B5ai9sPOHdSAeS5UyCVKYbSAM+oli3AAgunCRRw=="],

    "@types/bun": ["@types/bun@1.3.10", "", { "dependencies": { "bun-types": "1.3.10" } }, "sha512-0+rlrUrOrTSskibryHbvQkDOWRJwJZqZlxrUs1u4oOoTln8+WIXBPmAuCF35SWB2z4Zl3E84Nl/D0P7803nigQ=="],

    "@types/node": ["@types/node@25.3.5", "", { "dependencies": { "undici-types": "~7.18.0" } }, "sha512-oX8xrhvpiyRCQkG1MFchB09f+cXftgIXb3a7UUa4Y3wpmZPw5tyZGTLWhlESOLq1Rq6oDlc8npVU2/9xiCuXMA=="],

    "@types/ws": ["@types/ws@8.18.1", "", { "dependencies": { "@types/node": "*" } }, "sha512-ThVF6DCVhA8kUGy+aazFQ4kXQ7E1Ty7A3ypFOe0IcJV8O/M511G99AW24irKrW56Wt44yG9+ij8FaqoBGkuBXg=="],

    "bun-types": ["bun-types@1.3.10", "", { "dependencies": { "@types/node": "*" } }, "sha512-tcpfCCl6XWo6nCVnpcVrxQ+9AYN1iqMIzgrSKYMB/fjLtV2eyAVEg7AxQJuCq/26R6HpKWykQXuSOq/21RYcbg=="],

    "detect-libc": ["detect-libc@2.1.2", "", {}, "sha512-Btj2BOOO83o3WyH59e8MgXsxEQVcarkUOpEYrubB0urwnN10yQ364rsiByU11nZlqWYZm05i/of7io4mzihBtQ=="],

    "effect": ["effect@4.0.0-rc.111", "", { "dependencies": { "@standard-schema/spec": "^1.1.0", "fast-check": "^4.9.0", "msgpackr": "^2.0.5" } }, "sha512-ASd5L58EIR0CUNueZNKKjSsyOCd+2alxOAIaTcHaqkJkPsaYSsw5Cg/cfANk5K4Jr2YsX756xvX11shzqsreWA=="],

    "fast-check": ["fast-check@4.9.0", "", { "dependencies": { "pure-rand": "^8.0.0" } }, "sha512-7ms6T7SybUev/PQITciI0yLM2pOSFy5zpG8Ty7tQofcVaQUvrMXp6CBwqF6fThLCLOrfBtuHAtwq6Yu4XPCllg=="],

    "htmx.org": ["htmx.org@4.0.0-beta6", "", { "bin": { "upgrade-check": "dist/scripts/upgrade-check.js" } }, "sha512-se3PisNRdv7g988rKSOqsM6y/nB+7HOI8RrJYoRuK01nY1+uDBFLgdQEzLVXITLlXblvyOBZOu30hDu69keSfw=="],

    "msgpackr": ["msgpackr@2.0.5", "", { "optionalDependencies": { "msgpackr-extract": "^3.0.4" } }, "sha512-cef05H/dSYpLpqp3sj/qyZh5vhUYCalnaLO7j1yOmpsR0y/XwLVtK7r5gn+U/F7CTEfMowcGhlUQJDLcLf7jcA=="],

    "msgpackr-extract": ["msgpackr-extract@3.0.4", "", { "dependencies": { "node-gyp-build-optional-packages": "5.2.2" }, "optionalDependencies": { "@msgpackr-extract/msgpackr-extract-darwin-arm64": "3.0.4", "@msgpackr-extract/msgpackr-extract-darwin-x64": "3.0.4", "@msgpackr-extract/msgpackr-extract-linux-arm": "3.0.4", "@msgpackr-extract/msgpackr-extract-linux-arm64": "3.0.4", "@msgpackr-extract/msgpackr-extract-linux-x64": "3.0.4", "@msgpackr-extract/msgpackr-extract-win32-x64": "3.0.4" }, "bin": { "download-msgpackr-prebuilds": "bin/download-prebuilds.js" } }, "sha512-4kmO/MdyUIkLIvTPr8VHLil4AtoKIoniWPIEk5+CDy0xnWC84azhSFmuJ7PxZdsYtiP5kEeQsORAVIeMgxT+Hw=="],

    "node-gyp-build-optional-packages": ["node-gyp-build-optional-packages@5.2.2", "", { "dependencies": { "detect-libc": "^2.0.1" }, "bin": { "node-gyp-build-optional-packages": "bin.js", "node-gyp-build-optional-packages-optional": "optional.js", "node-gyp-build-optional-packages-test": "build-test.js" } }, "sha512-s+w+rBWnpTMwSFbaE0UXsRlg7hU4FjekKU4eyAih5T8nJuNZT1nNsskXpxmeqSK9UzkBl6UgRlnKc8hz8IEqOw=="],

    "pure-rand": ["pure-rand@8.4.2", "", {}, "sha512-vvuOGgcuPJAirlHvuQw1TrOiw7ptaIXXmIbNuiNOY6lNGJJH49PQ1Kj4nd783nPdQhQdicgOjVI2yI/9BD6/Ng=="],

    "typescript": ["typescript@5.9.3", "", { "bin": { "tsc": "bin/tsc", "tsserver": "bin/tsserver" } }, "sha512-jl1vZzPDinLr9eUt3J/t7V6FgNEw9QjvBPdysz9KfQDD41fQrC2Y4vKQdiaUpFT4bXlb1RHhLpp8wtm6M5TgSw=="],

    "undici-types": ["undici-types@7.18.2", "", {}, "sha512-AsuCzffGHJybSaRrmr5eHr81mwJU3kjw6M+uprWvCXiNeN9SOGwQ3Jn8jb8m3Z6izVgknn1R0FTCEAP2QrLY/w=="],

    "ws": ["ws@8.21.3", "", { "peerDependencies": { "bufferutil": "^4.0.1", "utf-8-validate": ">=5.0.2" }, "optionalPeers": ["bufferutil", "utf-8-validate"] }, "sha512-201TZ/kPWxoPr/OKWjquZR1SWKXcvxdH+e1xrx89b3YbmzLMFCLfnaG1HFIgWzJOEWZ7MvpK++odZufgYR50Rw=="],
  }
}
